
Microsoft Visual Studio Solution File, Format Version 12.00
# Visual Studio Version 16
VisualStudioVersion = 16.0.31313.79
MinimumVisualStudioVersion = 10.0.40219.1
Project("{FAE04EC0-301F-11D3-BF4B-00C04F79EFBC}") = "Basics - C2 Programacion Ej1", "Basics - C2 Programacion Ej1\Basics - C2 Programacion Ej1.csproj", "{ED93E297-5263-4BEC-93CD-7C439324AB10}"
EndProject
Global
	GlobalSection(SolutionConfigurationPlatforms) = preSolution
		Debug|Any CPU = Debug|Any CPU
		Release|Any CPU = Release|Any CPU
	EndGlobalSection
	GlobalSection(ProjectConfigurationPlatforms) = postSolution
		{ED93E297-5263-4BEC-93CD-7C439324AB10}.Debug|Any CPU.ActiveCfg = Debug|Any CPU
		{ED93E297-5263-4BEC-93CD-7C439324AB10}.Debug|Any CPU.Build.0 = Debug|Any CPU
		{ED93E297-5263-4BEC-93CD-7C439324AB10}.Release|Any CPU.ActiveCfg = Release|Any CPU
		{ED93E297-5263-4BEC-93CD-7C439324AB10}.Release|Any CPU.Build.0 = Release|Any CPU
	EndGlobalSection
	GlobalSection(SolutionProperties) = preSolution
		HideSolutionNode = FALSE
	EndGlobalSection
	GlobalSection(ExtensibilityGlobals) = postSolution
		SolutionGuid = {7F769AE6-F7E4-4B59-A458-FCFE65C09CC4}
	EndGlobalSection
EndGlobal
